// !$*UTF8*$!
{
	archiveVersion = 1;
	classes = {
	};
	objectVersion = 46;
	objects = {

/* Begin PBXBuildFile section */
		E33FBE211CF1F8A000C35D04 /* main.swift in Sources */ = {isa = PBXBuildFile; fileRef = E33FBE201CF1F8A000C35D04 /* main.swift */; };
		E33FBE281CF1F8EE00C35D04 /* GameManager.swift in Sources */ = {isa = PBXBuildFile; fileRef = E33FBE271CF1F8EE00C35D04 /* GameManager.swift */; };
		E33FBE2A1CF1F9D100C35D04 /* HTTPmanager.swift in Sources */ = {isa = PBXBuildFile; fileRef = E33FBE291CF1F9D100C35D04 /* HTTPmanager.swift */; };
		E33FBE2C1CF1FAB100C35D04 /* JSON.swift in Sources */ = {isa = PBXBuildFile; fileRef = E33FBE2B1CF1FAB100C35D04 /* JSON.swift */; };
		E35C46701CF75A9400924366 /* NSCharacterSet.swift in Sources */ = {isa = PBXBuildFile; fileRef = E35C465A1CF75A9400924366 /* NSCharacterSet.swift */; };
		E35C46711CF75A9400924366 /* SocketAckEmitter.swift in Sources */ = {isa = PBXBuildFile; fileRef = E35C465B1CF75A9400924366 /* SocketAckEmitter.swift */; };
		E35C46721CF75A9400924366 /* SocketAckManager.swift in Sources */ = {isa = PBXBuildFile; fileRef = E35C465C1CF75A9400924366 /* SocketAckManager.swift */; };
		E35C46731CF75A9400924366 /* SocketAnyEvent.swift in Sources */ = {isa = PBXBuildFile; fileRef = E35C465D1CF75A9400924366 /* SocketAnyEvent.swift */; };
		E35C46741CF75A9400924366 /* SocketEngine.swift in Sources */ = {isa = PBXBuildFile; fileRef = E35C465E1CF75A9400924366 /* SocketEngine.swift */; };
		E35C46751CF75A9400924366 /* SocketEngineClient.swift in Sources */ = {isa = PBXBuildFile; fileRef = E35C465F1CF75A9400924366 /* SocketEngineClient.swift */; };
		E35C46761CF75A9400924366 /* SocketEnginePacketType.swift in Sources */ = {isa = PBXBuildFile; fileRef = E35C46601CF75A9400924366 /* SocketEnginePacketType.swift */; };
		E35C46771CF75A9400924366 /* SocketEnginePollable.swift in Sources */ = {isa = PBXBuildFile; fileRef = E35C46611CF75A9400924366 /* SocketEnginePollable.swift */; };
		E35C46781CF75A9400924366 /* SocketEngineSpec.swift in Sources */ = {isa = PBXBuildFile; fileRef = E35C46621CF75A9400924366 /* SocketEngineSpec.swift */; };
		E35C46791CF75A9400924366 /* SocketEngineWebsocket.swift in Sources */ = {isa = PBXBuildFile; fileRef = E35C46631CF75A9400924366 /* SocketEngineWebsocket.swift */; };
		E35C467A1CF75A9400924366 /* SocketEventHandler.swift in Sources */ = {isa = PBXBuildFile; fileRef = E35C46641CF75A9400924366 /* SocketEventHandler.swift */; };
		E35C467B1CF75A9400924366 /* SocketIOClient.swift in Sources */ = {isa = PBXBuildFile; fileRef = E35C46651CF75A9400924366 /* SocketIOClient.swift */; };
		E35C467C1CF75A9400924366 /* SocketIOClientOption.swift in Sources */ = {isa = PBXBuildFile; fileRef = E35C46661CF75A9400924366 /* SocketIOClientOption.swift */; };
		E35C467D1CF75A9400924366 /* SocketIOClientSpec.swift in Sources */ = {isa = PBXBuildFile; fileRef = E35C46671CF75A9400924366 /* SocketIOClientSpec.swift */; };
		E35C467E1CF75A9400924366 /* SocketIOClientStatus.swift in Sources */ = {isa = PBXBuildFile; fileRef = E35C46681CF75A9400924366 /* SocketIOClientStatus.swift */; };
		E35C467F1CF75A9400924366 /* SocketLogger.swift in Sources */ = {isa = PBXBuildFile; fileRef = E35C46691CF75A9400924366 /* SocketLogger.swift */; };
		E35C46801CF75A9400924366 /* SocketPacket.swift in Sources */ = {isa = PBXBuildFile; fileRef = E35C466A1CF75A9400924366 /* SocketPacket.swift */; };
		E35C46811CF75A9400924366 /* SocketParsable.swift in Sources */ = {isa = PBXBuildFile; fileRef = E35C466B1CF75A9400924366 /* SocketParsable.swift */; };
		E35C46821CF75A9400924366 /* SocketStringReader.swift in Sources */ = {isa = PBXBuildFile; fileRef = E35C466C1CF75A9400924366 /* SocketStringReader.swift */; };
		E35C46831CF75A9400924366 /* SocketTypes.swift in Sources */ = {isa = PBXBuildFile; fileRef = E35C466D1CF75A9400924366 /* SocketTypes.swift */; };
		E35C46841CF75A9400924366 /* String.swift in Sources */ = {isa = PBXBuildFile; fileRef = E35C466E1CF75A9400924366 /* String.swift */; };
		E35C46851CF75A9400924366 /* WebSocket.swift in Sources */ = {isa = PBXBuildFile; fileRef = E35C466F1CF75A9400924366 /* WebSocket.swift */; };
		E35C468F1CF7729000924366 /* TradingFloor.swift in Sources */ = {isa = PBXBuildFile; fileRef = E35C468E1CF7729000924366 /* TradingFloor.swift */; };
		E35C46911CF7759200924366 /* Game.swift in Sources */ = {isa = PBXBuildFile; fileRef = E35C46901CF7759200924366 /* Game.swift */; };
/* End PBXBuildFile section */

/* Begin PBXCopyFilesBuildPhase section */
		E33FBE1B1CF1F8A000C35D04 /* CopyFiles */ = {
			isa = PBXCopyFilesBuildPhase;
			buildActionMask = 2147483647;
			dstPath = /usr/share/man/man1/;
			dstSubfolderSpec = 0;
			files = (
			);
			runOnlyForDeploymentPostprocessing = 1;
		};
/* End PBXCopyFilesBuildPhase section */

/* Begin PBXFileReference section */
		E33FBE1D1CF1F8A000C35D04 /* StockFighter */ = {isa = PBXFileReference; explicitFileType = "compiled.mach-o.executable"; includeInIndex = 0; path = StockFighter; sourceTree = BUILT_PRODUCTS_DIR; };
		E33FBE201CF1F8A000C35D04 /* main.swift */ = {isa = PBXFileReference; lastKnownFileType = sourcecode.swift; path = main.swift; sourceTree = "<group>"; };
		E33FBE271CF1F8EE00C35D04 /* GameManager.swift */ = {isa = PBXFileReference; fileEncoding = 4; lastKnownFileType = sourcecode.swift; path = GameManager.swift; sourceTree = "<group>"; };
		E33FBE291CF1F9D100C35D04 /* HTTPmanager.swift */ = {isa = PBXFileReference; fileEncoding = 4; lastKnownFileType = sourcecode.swift; path = HTTPmanager.swift; sourceTree = "<group>"; };
		E33FBE2B1CF1FAB100C35D04 /* JSON.swift */ = {isa = PBXFileReference; fileEncoding = 4; lastKnownFileType = sourcecode.swift; path = JSON.swift; sourceTree = "<group>"; };
		E35C465A1CF75A9400924366 /* NSCharacterSet.swift */ = {isa = PBXFileReference; fileEncoding = 4; lastKnownFileType = sourcecode.swift; path = NSCharacterSet.swift; sourceTree = "<group>"; };
		E35C465B1CF75A9400924366 /* SocketAckEmitter.swift */ = {isa = PBXFileReference; fileEncoding = 4; lastKnownFileType = sourcecode.swift; path = SocketAckEmitter.swift; sourceTree = "<group>"; };
		E35C465C1CF75A9400924366 /* SocketAckManager.swift */ = {isa = PBXFileReference; fileEncoding = 4; lastKnownFileType = sourcecode.swift; path = SocketAckManager.swift; sourceTree = "<group>"; };
		E35C465D1CF75A9400924366 /* SocketAnyEvent.swift */ = {isa = PBXFileReference; fileEncoding = 4; lastKnownFileType = sourcecode.swift; path = SocketAnyEvent.swift; sourceTree = "<group>"; };
		E35C465E1CF75A9400924366 /* SocketEngine.swift */ = {isa = PBXFileReference; fileEncoding = 4; lastKnownFileType = sourcecode.swift; path = SocketEngine.swift; sourceTree = "<group>"; };
		E35C465F1CF75A9400924366 /* SocketEngineClient.swift */ = {isa = PBXFileReference; fileEncoding = 4; lastKnownFileType = sourcecode.swift; path = SocketEngineClient.swift; sourceTree = "<group>"; };
		E35C46601CF75A9400924366 /* SocketEnginePacketType.swift */ = {isa = PBXFileReference; fileEncoding = 4; lastKnownFileType = sourcecode.swift; path = SocketEnginePacketType.swift; sourceTree = "<group>"; };
		E35C46611CF75A9400924366 /* SocketEnginePollable.swift */ = {isa = PBXFileReference; fileEncoding = 4; lastKnownFileType = sourcecode.swift; path = SocketEnginePollable.swift; sourceTree = "<group>"; };
		E35C46621CF75A9400924366 /* SocketEngineSpec.swift */ = {isa = PBXFileReference; fileEncoding = 4; lastKnownFileType = sourcecode.swift; path = SocketEngineSpec.swift; sourceTree = "<group>"; };
		E35C46631CF75A9400924366 /* SocketEngineWebsocket.swift */ = {isa = PBXFileReference; fileEncoding = 4; lastKnownFileType = sourcecode.swift; path = SocketEngineWebsocket.swift; sourceTree = "<group>"; };
		E35C46641CF75A9400924366 /* SocketEventHandler.swift */ = {isa = PBXFileReference; fileEncoding = 4; lastKnownFileType = sourcecode.swift; path = SocketEventHandler.swift; sourceTree = "<group>"; };
		E35C46651CF75A9400924366 /* SocketIOClient.swift */ = {isa = PBXFileReference; fileEncoding = 4; lastKnownFileType = sourcecode.swift; path = SocketIOClient.swift; sourceTree = "<group>"; };
		E35C46661CF75A9400924366 /* SocketIOClientOption.swift */ = {isa = PBXFileReference; fileEncoding = 4; lastKnownFileType = sourcecode.swift; path = SocketIOClientOption.swift; sourceTree = "<group>"; };
		E35C46671CF75A9400924366 /* SocketIOClientSpec.swift */ = {isa = PBXFileReference; fileEncoding = 4; lastKnownFileType = sourcecode.swift; path = SocketIOClientSpec.swift; sourceTree = "<group>"; };
		E35C46681CF75A9400924366 /* SocketIOClientStatus.swift */ = {isa = PBXFileReference; fileEncoding = 4; lastKnownFileType = sourcecode.swift; path = SocketIOClientStatus.swift; sourceTree = "<group>"; };
		E35C46691CF75A9400924366 /* SocketLogger.swift */ = {isa = PBXFileReference; fileEncoding = 4; lastKnownFileType = sourcecode.swift; path = SocketLogger.swift; sourceTree = "<group>"; };
		E35C466A1CF75A9400924366 /* SocketPacket.swift */ = {isa = PBXFileReference; fileEncoding = 4; lastKnownFileType = sourcecode.swift; path = SocketPacket.swift; sourceTree = "<group>"; };
		E35C466B1CF75A9400924366 /* SocketParsable.swift */ = {isa = PBXFileReference; fileEncoding = 4; lastKnownFileType = sourcecode.swift; path = SocketParsable.swift; sourceTree = "<group>"; };
		E35C466C1CF75A9400924366 /* SocketStringReader.swift */ = {isa = PBXFileReference; fileEncoding = 4; lastKnownFileType = sourcecode.swift; path = SocketStringReader.swift; sourceTree = "<group>"; };
		E35C466D1CF75A9400924366 /* SocketTypes.swift */ = {isa = PBXFileReference; fileEncoding = 4; lastKnownFileType = sourcecode.swift; path = SocketTypes.swift; sourceTree = "<group>"; };
		E35C466E1CF75A9400924366 /* String.swift */ = {isa = PBXFileReference; fileEncoding = 4; lastKnownFileType = sourcecode.swift; path = String.swift; sourceTree = "<group>"; };
		E35C466F1CF75A9400924366 /* WebSocket.swift */ = {isa = PBXFileReference; fileEncoding = 4; lastKnownFileType = sourcecode.swift; path = WebSocket.swift; sourceTree = "<group>"; };
		E35C468E1CF7729000924366 /* TradingFloor.swift */ = {isa = PBXFileReference; fileEncoding = 4; lastKnownFileType = sourcecode.swift; path = TradingFloor.swift; sourceTree = "<group>"; };
		E35C46901CF7759200924366 /* Game.swift */ = {isa = PBXFileReference; fileEncoding = 4; lastKnownFileType = sourcecode.swift; path = Game.swift; sourceTree = "<group>"; };
/* End PBXFileReference section */

/* Begin PBXFrameworksBuildPhase section */
		E33FBE1A1CF1F8A000C35D04 /* Frameworks */ = {
			isa = PBXFrameworksBuildPhase;
			buildActionMask = 2147483647;
			files = (
			);
			runOnlyForDeploymentPostprocessing = 0;
		};
/* End PBXFrameworksBuildPhase section */

/* Begin PBXGroup section */
		E33FBE141CF1F8A000C35D04 = {
			isa = PBXGroup;
			children = (
				E33FBE1F1CF1F8A000C35D04 /* StockFighter */,
				E33FBE1E1CF1F8A000C35D04 /* Products */,
			);
			sourceTree = "<group>";
		};
		E33FBE1E1CF1F8A000C35D04 /* Products */ = {
			isa = PBXGroup;
			children = (
				E33FBE1D1CF1F8A000C35D04 /* StockFighter */,
			);
			name = Products;
			sourceTree = "<group>";
		};
		E33FBE1F1CF1F8A000C35D04 /* StockFighter */ = {
			isa = PBXGroup;
			children = (
				E33FBE201CF1F8A000C35D04 /* main.swift */,
				E33FBE271CF1F8EE00C35D04 /* GameManager.swift */,
				E35C46901CF7759200924366 /* Game.swift */,
				E35C468E1CF7729000924366 /* TradingFloor.swift */,
				E33FBE291CF1F9D100C35D04 /* HTTPmanager.swift */,
				E33FBE2B1CF1FAB100C35D04 /* JSON.swift */,
				E35C46591CF75A9400924366 /* Source */,
			);
			path = StockFighter;
			sourceTree = "<group>";
		};
		E35C46591CF75A9400924366 /* Source */ = {
			isa = PBXGroup;
			children = (
				E35C465A1CF75A9400924366 /* NSCharacterSet.swift */,
				E35C465B1CF75A9400924366 /* SocketAckEmitter.swift */,
				E35C465C1CF75A9400924366 /* SocketAckManager.swift */,
				E35C465D1CF75A9400924366 /* SocketAnyEvent.swift */,
				E35C465E1CF75A9400924366 /* SocketEngine.swift */,
				E35C465F1CF75A9400924366 /* SocketEngineClient.swift */,
				E35C46601CF75A9400924366 /* SocketEnginePacketType.swift */,
				E35C46611CF75A9400924366 /* SocketEnginePollable.swift */,
				E35C46621CF75A9400924366 /* SocketEngineSpec.swift */,
				E35C46631CF75A9400924366 /* SocketEngineWebsocket.swift */,
				E35C46641CF75A9400924366 /* SocketEventHandler.swift */,
				E35C46651CF75A9400924366 /* SocketIOClient.swift */,
				E35C46661CF75A9400924366 /* SocketIOClientOption.swift */,
				E35C46671CF75A9400924366 /* SocketIOClientSpec.swift */,
				E35C46681CF75A9400924366 /* SocketIOClientStatus.swift */,
				E35C46691CF75A9400924366 /* SocketLogger.swift */,
				E35C466A1CF75A9400924366 /* SocketPacket.swift */,
				E35C466B1CF75A9400924366 /* SocketParsable.swift */,
				E35C466C1CF75A9400924366 /* SocketStringReader.swift */,
				E35C466D1CF75A9400924366 /* SocketTypes.swift */,
				E35C466E1CF75A9400924366 /* String.swift */,
				E35C466F1CF75A9400924366 /* WebSocket.swift */,
			);
			name = Source;
			path = "../../../../Downloads/Socket.IO-Client-Swift-master/Source";
			sourceTree = "<group>";
		};
/* End PBXGroup section */

/* Begin PBXNativeTarget section */
		E33FBE1C1CF1F8A000C35D04 /* StockFighter */ = {
			isa = PBXNativeTarget;
			buildConfigurationList = E33FBE241CF1F8A000C35D04 /* Build configuration list for PBXNativeTarget "StockFighter" */;
			buildPhases = (
				E33FBE191CF1F8A000C35D04 /* Sources */,
				E33FBE1A1CF1F8A000C35D04 /* Frameworks */,
				E33FBE1B1CF1F8A000C35D04 /* CopyFiles */,
			);
			buildRules = (
			);
			dependencies = (
			);
			name = StockFighter;
			productName = StockFighter;
			productReference = E33FBE1D1CF1F8A000C35D04 /* StockFighter */;
			productType = "com.apple.product-type.tool";
		};
/* End PBXNativeTarget section */

/* Begin PBXProject section */
		E33FBE151CF1F8A000C35D04 /* Project object */ = {
			isa = PBXProject;
			attributes = {
				LastSwiftUpdateCheck = 0720;
				LastUpgradeCheck = 0720;
				ORGANIZATIONNAME = "Aaron Liberatore";
				TargetAttributes = {
					E33FBE1C1CF1F8A000C35D04 = {
						CreatedOnToolsVersion = 7.2.1;
					};
				};
			};
			buildConfigurationList = E33FBE181CF1F8A000C35D04 /* Build configuration list for PBXProject "StockFighter" */;
			compatibilityVersion = "Xcode 3.2";
			developmentRegion = English;
			hasScannedForEncodings = 0;
			knownRegions = (
				en,
			);
			mainGroup = E33FBE141CF1F8A000C35D04;
			productRefGroup = E33FBE1E1CF1F8A000C35D04 /* Products */;
			projectDirPath = "";
			projectRoot = "";
			targets = (
				E33FBE1C1CF1F8A000C35D04 /* StockFighter */,
			);
		};
/* End PBXProject section */

/* Begin PBXSourcesBuildPhase section */
		E33FBE191CF1F8A000C35D04 /* Sources */ = {
			isa = PBXSourcesBuildPhase;
			buildActionMask = 2147483647;
			files = (
				E35C46761CF75A9400924366 /* SocketEnginePacketType.swift in Sources */,
				E33FBE2A1CF1F9D100C35D04 /* HTTPmanager.swift in Sources */,
				E35C46791CF75A9400924366 /* SocketEngineWebsocket.swift in Sources */,
				E35C467C1CF75A9400924366 /* SocketIOClientOption.swift in Sources */,
				E35C467D1CF75A9400924366 /* SocketIOClientSpec.swift in Sources */,
				E35C467E1CF75A9400924366 /* SocketIOClientStatus.swift in Sources */,
				E35C467F1CF75A9400924366 /* SocketLogger.swift in Sources */,
				E35C46781CF75A9400924366 /* SocketEngineSpec.swift in Sources */,
				E35C46821CF75A9400924366 /* SocketStringReader.swift in Sources */,
				E35C46851CF75A9400924366 /* WebSocket.swift in Sources */,
				E35C46811CF75A9400924366 /* SocketParsable.swift in Sources */,
				E35C468F1CF7729000924366 /* TradingFloor.swift in Sources */,
				E35C46831CF75A9400924366 /* SocketTypes.swift in Sources */,
				E33FBE211CF1F8A000C35D04 /* main.swift in Sources */,
				E35C46731CF75A9400924366 /* SocketAnyEvent.swift in Sources */,
				E35C46801CF75A9400924366 /* SocketPacket.swift in Sources */,
				E35C46751CF75A9400924366 /* SocketEngineClient.swift in Sources */,
				E33FBE281CF1F8EE00C35D04 /* GameManager.swift in Sources */,
				E35C46711CF75A9400924366 /* SocketAckEmitter.swift in Sources */,
				E35C46841CF75A9400924366 /* String.swift in Sources */,
				E35C46771CF75A9400924366 /* SocketEnginePollable.swift in Sources */,
				E35C46701CF75A9400924366 /* NSCharacterSet.swift in Sources */,
				E35C46741CF75A9400924366 /* SocketEngine.swift in Sources */,
				E35C46911CF7759200924366 /* Game.swift in Sources */,
				E35C467A1CF75A9400924366 /* SocketEventHandler.swift in Sources */,
				E33FBE2C1CF1FAB100C35D04 /* JSON.swift in Sources */,
				E35C46721CF75A9400924366 /* SocketAckManager.swift in Sources */,
				E35C467B1CF75A9400924366 /* SocketIOClient.swift in Sources */,
			);
			runOnlyForDeploymentPostprocessing = 0;
		};
/* End PBXSourcesBuildPhase section */

/* Begin XCBuildConfiguration section */
		E33FBE221CF1F8A000C35D04 /* Debug */ = {
			isa = XCBuildConfiguration;
			buildSettings = {
				ALWAYS_SEARCH_USER_PATHS = NO;
				CLANG_CXX_LANGUAGE_STANDARD = "gnu++0x";
				CLANG_CXX_LIBRARY = "libc++";
				CLANG_ENABLE_MODULES = YES;
				CLANG_ENABLE_OBJC_ARC = YES;
				CLANG_WARN_BOOL_CONVERSION = YES;
				CLANG_WARN_CONSTANT_CONVERSION = YES;
				CLANG_WARN_DIRECT_OBJC_ISA_USAGE = YES_ERROR;
				CLANG_WARN_EMPTY_BODY = YES;
				CLANG_WARN_ENUM_CONVERSION = YES;
				CLANG_WARN_INT_CONVERSION = YES;
				CLANG_WARN_OBJC_ROOT_CLASS = YES_ERROR;
				CLANG_WARN_UNREACHABLE_CODE = YES;
				CLANG_WARN__DUPLICATE_METHOD_MATCH = YES;
				CODE_SIGN_IDENTITY = "-";
				COPY_PHASE_STRIP = NO;
				DEBUG_INFORMATION_FORMAT = dwarf;
				ENABLE_STRICT_OBJC_MSGSEND = YES;
				ENABLE_TESTABILITY = YES;
				GCC_C_LANGUAGE_STANDARD = gnu99;
				GCC_DYNAMIC_NO_PIC = NO;
				GCC_NO_COMMON_BLOCKS = YES;
				GCC_OPTIMIZATION_LEVEL = 0;
				GCC_PREPROCESSOR_DEFINITIONS = (
					"DEBUG=1",
					"$(inherited)",
				);
				GCC_WARN_64_TO_32_BIT_CONVERSION = YES;
				GCC_WARN_ABOUT_RETURN_TYPE = YES_ERROR;
				GCC_WARN_UNDECLARED_SELECTOR = YES;
				GCC_WARN_UNINITIALIZED_AUTOS = YES_AGGRESSIVE;
				GCC_WARN_UNUSED_FUNCTION = YES;
				GCC_WARN_UNUSED_VARIABLE = YES;
				MACOSX_DEPLOYMENT_TARGET = 10.10;
				MTL_ENABLE_DEBUG_INFO = YES;
				ONLY_ACTIVE_ARCH = YES;
				SDKROOT = macosx;
				SWIFT_OPTIMIZATION_LEVEL = "-Onone";
			};
			name = Debug;
		};
		E33FBE231CF1F8A000C35D04 /* Release */ = {
			isa = XCBuildConfiguration;
			buildSettings = {
				ALWAYS_SEARCH_USER_PATHS = NO;
				CLANG_CXX_LANGUAGE_STANDARD = "gnu++0x";
				CLANG_CXX_LIBRARY = "libc++";
				CLANG_ENABLE_MODULES = YES;
				CLANG_ENABLE_OBJC_ARC = YES;
				CLANG_WARN_BOOL_CONVERSION = YES;
				CLANG_WARN_CONSTANT_CONVERSION = YES;
				CLANG_WARN_DIRECT_OBJC_ISA_USAGE = YES_ERROR;
				CLANG_WARN_EMPTY_BODY = YES;
				CLANG_WARN_ENUM_CONVERSION = YES;
				CLANG_WARN_INT_CONVERSION = YES;
				CLANG_WARN_OBJC_ROOT_CLASS = YES_ERROR;
				CLANG_WARN_UNREACHABLE_CODE = YES;
				CLANG_WARN__DUPLICATE_METHOD_MATCH = YES;
				CODE_SIGN_IDENTITY = "-";
				COPY_PHASE_STRIP = NO;
				DEBUG_INFORMATION_FORMAT = "dwarf-with-dsym";
				ENABLE_NS_ASSERTIONS = NO;
				ENABLE_STRICT_OBJC_MSGSEND = YES;
				GCC_C_LANGUAGE_STANDARD = gnu99;
				GCC_NO_COMMON_BLOCKS = YES;
				GCC_WARN_64_TO_32_BIT_CONVERSION = YES;
				GCC_WARN_ABOUT_RETURN_TYPE = YES_ERROR;
				GCC_WARN_UNDECLARED_SELECTOR = YES;
				GCC_WARN_UNINITIALIZED_AUTOS = YES_AGGRESSIVE;
				GCC_WARN_UNUSED_FUNCTION = YES;
				GCC_WARN_UNUSED_VARIABLE = YES;
				MACOSX_DEPLOYMENT_TARGET = 10.10;
				MTL_ENABLE_DEBUG_INFO = NO;
				SDKROOT = macosx;
			};
			name = Release;
		};
		E33FBE251CF1F8A000C35D04 /* Debug */ = {
			isa = XCBuildConfiguration;
			buildSettings = {
				PRODUCT_NAME = "$(TARGET_NAME)";
			};
			name = Debug;
		};
		E33FBE261CF1F8A000C35D04 /* Release */ = {
			isa = XCBuildConfiguration;
			buildSettings = {
				PRODUCT_NAME = "$(TARGET_NAME)";
			};
			name = Release;
		};
/* End XCBuildConfiguration section */

/* Begin XCConfigurationList section */
		E33FBE181CF1F8A000C35D04 /* Build configuration list for PBXProject "StockFighter" */ = {
			isa = XCConfigurationList;
			buildConfigurations = (
				E33FBE221CF1F8A000C35D04 /* Debug */,
				E33FBE231CF1F8A000C35D04 /* Release */,
			);
			defaultConfigurationIsVisible = 0;
			defaultConfigurationName = Release;
		};
		E33FBE241CF1F8A000C35D04 /* Build configuration list for PBXNativeTarget "StockFighter" */ = {
			isa = XCConfigurationList;
			buildConfigurations = (
				E33FBE251CF1F8A000C35D04 /* Debug */,
				E33FBE261CF1F8A000C35D04 /* Release */,
			);
			defaultConfigurationIsVisible = 0;
			defaultConfigurationName = Release;
		};
/* End XCConfigurationList section */
	};
	rootObject = E33FBE151CF1F8A000C35D04 /* Project object */;
}
